
Microsoft Visual Studio Solution File, Format Version 12.00
# Visual Studio 15
VisualStudioVersion = 15.0.28307.1525
MinimumVisualStudioVersion = 10.0.40219.1
Project("{FAE04EC0-301F-11D3-BF4B-00C04F79EFBC}") = "Assignment", "ConsoleApp1\Assignment.csproj", "{B4E5DF90-03D6-4D24-8528-5C887EFCA73C}"
EndProject
Global
	GlobalSection(SolutionConfigurationPlatforms) = preSolution
		Debug|Any CPU = Debug|Any CPU
		Release|Any CPU = Release|Any CPU
	EndGlobalSection
	GlobalSection(ProjectConfigurationPlatforms) = postSolution
		{B4E5DF90-03D6-4D24-8528-5C887EFCA73C}.Debug|Any CPU.ActiveCfg = Debug|Any CPU
		{B4E5DF90-03D6-4D24-8528-5C887EFCA73C}.Debug|Any CPU.Build.0 = Debug|Any CPU
		{B4E5DF90-03D6-4D24-8528-5C887EFCA73C}.Release|Any CPU.ActiveCfg = Release|Any CPU
		{B4E5DF90-03D6-4D24-8528-5C887EFCA73C}.Release|Any CPU.Build.0 = Release|Any CPU
	EndGlobalSection
	GlobalSection(SolutionProperties) = preSolution
		HideSolutionNode = FALSE
	EndGlobalSection
	GlobalSection(ExtensibilityGlobals) = postSolution
		SolutionGuid = {901AB5FB-AA12-498E-91D0-7F594B2F2E16}
	EndGlobalSection
EndGlobal
